
Microsoft Visual Studio Solution File, Format Version 12.00
# Visual Studio Version 16
VisualStudioVersion = 16.0.29403.142
MinimumVisualStudioVersion = 10.0.40219.1
Project("{FAE04EC0-301F-11D3-BF4B-00C04F79EFBC}") = "CsharpPatternMatchingCheckpoint", "CsharpPatternMatchingCheckpoint\CsharpPatternMatchingCheckpoint.csproj", "{524B902E-0D81-4784-9489-3330F22DCC6E}"
EndProject
Global
	GlobalSection(SolutionConfigurationPlatforms) = preSolution
		Debug|Any CPU = Debug|Any CPU
		Release|Any CPU = Release|Any CPU
	EndGlobalSection
	GlobalSection(ProjectConfigurationPlatforms) = postSolution
		{524B902E-0D81-4784-9489-3330F22DCC6E}.Debug|Any CPU.ActiveCfg = Debug|Any CPU
		{524B902E-0D81-4784-9489-3330F22DCC6E}.Debug|Any CPU.Build.0 = Debug|Any CPU
		{524B902E-0D81-4784-9489-3330F22DCC6E}.Release|Any CPU.ActiveCfg = Release|Any CPU
		{524B902E-0D81-4784-9489-3330F22DCC6E}.Release|Any CPU.Build.0 = Release|Any CPU
	EndGlobalSection
	GlobalSection(SolutionProperties) = preSolution
		HideSolutionNode = FALSE
	EndGlobalSection
	GlobalSection(ExtensibilityGlobals) = postSolution
		SolutionGuid = {D290459D-4997-4CD5-B470-84FDBA685E1B}
	EndGlobalSection
EndGlobal
